
Microsoft Visual Studio Solution File, Format Version 12.00
# Visual Studio Version 17
VisualStudioVersion = 17.2.32519.379
MinimumVisualStudioVersion = 10.0.40219.1
Project("{9A19103F-16F7-4668-BE54-9A1E7A4F7556}") = "ManagePerson", "ManagePerson\ManagePerson.csproj", "{BF087072-995B-4C02-96B0-66D8AF8F7245}"
EndProject
Project("{00D1A9C2-B5F0-4AF3-8072-F6C62B433612}") = "ScripsPerson", "ScripsPerson\ScripsPerson.sqlproj", "{EA71C058-BE61-4971-A983-69550584FA47}"
EndProject
Global
	GlobalSection(SolutionConfigurationPlatforms) = preSolution
		Debug|Any CPU = Debug|Any CPU
		Release|Any CPU = Release|Any CPU
	EndGlobalSection
	GlobalSection(ProjectConfigurationPlatforms) = postSolution
		{BF087072-995B-4C02-96B0-66D8AF8F7245}.Debug|Any CPU.ActiveCfg = Debug|Any CPU
		{BF087072-995B-4C02-96B0-66D8AF8F7245}.Debug|Any CPU.Build.0 = Debug|Any CPU
		{BF087072-995B-4C02-96B0-66D8AF8F7245}.Release|Any CPU.ActiveCfg = Release|Any CPU
		{BF087072-995B-4C02-96B0-66D8AF8F7245}.Release|Any CPU.Build.0 = Release|Any CPU
		{EA71C058-BE61-4971-A983-69550584FA47}.Debug|Any CPU.ActiveCfg = Debug|Any CPU
		{EA71C058-BE61-4971-A983-69550584FA47}.Debug|Any CPU.Build.0 = Debug|Any CPU
		{EA71C058-BE61-4971-A983-69550584FA47}.Debug|Any CPU.Deploy.0 = Debug|Any CPU
		{EA71C058-BE61-4971-A983-69550584FA47}.Release|Any CPU.ActiveCfg = Release|Any CPU
		{EA71C058-BE61-4971-A983-69550584FA47}.Release|Any CPU.Build.0 = Release|Any CPU
		{EA71C058-BE61-4971-A983-69550584FA47}.Release|Any CPU.Deploy.0 = Release|Any CPU
	EndGlobalSection
	GlobalSection(SolutionProperties) = preSolution
		HideSolutionNode = FALSE
	EndGlobalSection
	GlobalSection(ExtensibilityGlobals) = postSolution
		SolutionGuid = {F9D3EC46-4B71-40D6-81F0-86ABC22E60F3}
	EndGlobalSection
EndGlobal
